// !$*UTF8*$!
{
	archiveVersion = 1;
	classes = {
	};
	objectVersion = 46;
	objects = {

/* Begin PBXBuildFile section */
		350711CB1B886C6300C97727 /* main.m in Sources */ = {isa = PBXBuildFile; fileRef = 350711CA1B886C6300C97727 /* main.m */; };
		350711CE1B886C6300C97727 /* AppDelegate.m in Sources */ = {isa = PBXBuildFile; fileRef = 350711CD1B886C6300C97727 /* AppDelegate.m */; };
		350711D11B886C6300C97727 /* ViewController.m in Sources */ = {isa = PBXBuildFile; fileRef = 350711D01B886C6300C97727 /* ViewController.m */; };
		350711D41B886C6300C97727 /* Main.storyboard in Resources */ = {isa = PBXBuildFile; fileRef = 350711D21B886C6300C97727 /* Main.storyboard */; };
		350711D61B886C6300C97727 /* Images.xcassets in Resources */ = {isa = PBXBuildFile; fileRef = 350711D51B886C6300C97727 /* Images.xcassets */; };
		350711D91B886C6300C97727 /* LaunchScreen.xib in Resources */ = {isa = PBXBuildFile; fileRef = 350711D71B886C6300C97727 /* LaunchScreen.xib */; };
		350711E51B886C6300C97727 /* gank_ioTests.m in Sources */ = {isa = PBXBuildFile; fileRef = 350711E41B886C6300C97727 /* gank_ioTests.m */; };
		350711F01B88747900C97727 /* DailyViewController.m in Sources */ = {isa = PBXBuildFile; fileRef = 350711EF1B88747900C97727 /* DailyViewController.m */; };
		350711FA1B89799600C97727 /* ArticleWebViewController.m in Sources */ = {isa = PBXBuildFile; fileRef = 350711F91B89799600C97727 /* ArticleWebViewController.m */; };
		350712021B89BE1700C97727 /* PageViewController.m in Sources */ = {isa = PBXBuildFile; fileRef = 350712011B89BE1700C97727 /* PageViewController.m */; };
		350712081B89BE6000C97727 /* ToastView.m in Sources */ = {isa = PBXBuildFile; fileRef = 350712071B89BE6000C97727 /* ToastView.m */; };
		3507120B1B89EE7200C97727 /* FavoriteTableViewController.m in Sources */ = {isa = PBXBuildFile; fileRef = 3507120A1B89EE7200C97727 /* FavoriteTableViewController.m */; };
		3507120E1B8A008000C97727 /* SettingTableViewController.m in Sources */ = {isa = PBXBuildFile; fileRef = 3507120D1B8A008000C97727 /* SettingTableViewController.m */; };
		A5EB287C826037FF173BCA17 /* libPods-gank-io.a in Frameworks */ = {isa = PBXBuildFile; fileRef = FBC71872D597CE143C3C4DA0 /* libPods-gank-io.a */; };
/* End PBXBuildFile section */

/* Begin PBXContainerItemProxy section */
		350711DF1B886C6300C97727 /* PBXContainerItemProxy */ = {
			isa = PBXContainerItemProxy;
			containerPortal = 350711BD1B886C6300C97727 /* Project object */;
			proxyType = 1;
			remoteGlobalIDString = 350711C41B886C6300C97727;
			remoteInfo = "gank-io";
		};
/* End PBXContainerItemProxy section */

/* Begin PBXFileReference section */
		350711C51B886C6300C97727 /* gank-io.app */ = {isa = PBXFileReference; explicitFileType = wrapper.application; includeInIndex = 0; path = "gank-io.app"; sourceTree = BUILT_PRODUCTS_DIR; };
		350711C91B886C6300C97727 /* Info.plist */ = {isa = PBXFileReference; lastKnownFileType = text.plist.xml; path = Info.plist; sourceTree = "<group>"; };
		350711CA1B886C6300C97727 /* main.m */ = {isa = PBXFileReference; lastKnownFileType = sourcecode.c.objc; path = main.m; sourceTree = "<group>"; };
		350711CC1B886C6300C97727 /* AppDelegate.h */ = {isa = PBXFileReference; lastKnownFileType = sourcecode.c.h; path = AppDelegate.h; sourceTree = "<group>"; };
		350711CD1B886C6300C97727 /* AppDelegate.m */ = {isa = PBXFileReference; lastKnownFileType = sourcecode.c.objc; path = AppDelegate.m; sourceTree = "<group>"; };
		350711CF1B886C6300C97727 /* ViewController.h */ = {isa = PBXFileReference; lastKnownFileType = sourcecode.c.h; name = ViewController.h; path = "gank-io/ViewController.h"; sourceTree = "<group>"; };
		350711D01B886C6300C97727 /* ViewController.m */ = {isa = PBXFileReference; lastKnownFileType = sourcecode.c.objc; name = ViewController.m; path = "gank-io/ViewController.m"; sourceTree = "<group>"; };
		350711D31B886C6300C97727 /* Base */ = {isa = PBXFileReference; lastKnownFileType = file.storyboard; name = Base; path = Base.lproj/Main.storyboard; sourceTree = "<group>"; };
		350711D51B886C6300C97727 /* Images.xcassets */ = {isa = PBXFileReference; lastKnownFileType = folder.assetcatalog; path = Images.xcassets; sourceTree = "<group>"; };
		350711D81B886C6300C97727 /* Base */ = {isa = PBXFileReference; lastKnownFileType = file.xib; name = Base; path = Base.lproj/LaunchScreen.xib; sourceTree = "<group>"; };
		350711DE1B886C6300C97727 /* gank-ioTests.xctest */ = {isa = PBXFileReference; explicitFileType = wrapper.cfbundle; includeInIndex = 0; path = "gank-ioTests.xctest"; sourceTree = BUILT_PRODUCTS_DIR; };
		350711E31B886C6300C97727 /* Info.plist */ = {isa = PBXFileReference; lastKnownFileType = text.plist.xml; path = Info.plist; sourceTree = "<group>"; };
		350711E41B886C6300C97727 /* gank_ioTests.m */ = {isa = PBXFileReference; lastKnownFileType = sourcecode.c.objc; path = gank_ioTests.m; sourceTree = "<group>"; };
		350711EE1B88747900C97727 /* DailyViewController.h */ = {isa = PBXFileReference; fileEncoding = 4; lastKnownFileType = sourcecode.c.h; name = DailyViewController.h; path = "gank-io/DailyViewController.h"; sourceTree = "<group>"; };
		350711EF1B88747900C97727 /* DailyViewController.m */ = {isa = PBXFileReference; fileEncoding = 4; lastKnownFileType = sourcecode.c.objc; name = DailyViewController.m; path = "gank-io/DailyViewController.m"; sourceTree = "<group>"; };
		350711F81B89799600C97727 /* ArticleWebViewController.h */ = {isa = PBXFileReference; fileEncoding = 4; lastKnownFileType = sourcecode.c.h; name = ArticleWebViewController.h; path = "gank-io/ArticleWebViewController.h"; sourceTree = "<group>"; };
		350711F91B89799600C97727 /* ArticleWebViewController.m */ = {isa = PBXFileReference; fileEncoding = 4; lastKnownFileType = sourcecode.c.objc; name = ArticleWebViewController.m; path = "gank-io/ArticleWebViewController.m"; sourceTree = "<group>"; };
		350712001B89BE1700C97727 /* PageViewController.h */ = {isa = PBXFileReference; fileEncoding = 4; lastKnownFileType = sourcecode.c.h; name = PageViewController.h; path = "gank-io/PageViewController.h"; sourceTree = "<group>"; };
		350712011B89BE1700C97727 /* PageViewController.m */ = {isa = PBXFileReference; fileEncoding = 4; lastKnownFileType = sourcecode.c.objc; name = PageViewController.m; path = "gank-io/PageViewController.m"; sourceTree = "<group>"; };
		350712061B89BE6000C97727 /* ToastView.h */ = {isa = PBXFileReference; fileEncoding = 4; lastKnownFileType = sourcecode.c.h; name = ToastView.h; path = "gank-io/ToastView.h"; sourceTree = "<group>"; };
		350712071B89BE6000C97727 /* ToastView.m */ = {isa = PBXFileReference; fileEncoding = 4; lastKnownFileType = sourcecode.c.objc; name = ToastView.m; path = "gank-io/ToastView.m"; sourceTree = "<group>"; };
		350712091B89EE7200C97727 /* FavoriteTableViewController.h */ = {isa = PBXFileReference; fileEncoding = 4; lastKnownFileType = sourcecode.c.h; name = FavoriteTableViewController.h; path = "gank-io/FavoriteTableViewController.h"; sourceTree = "<group>"; };
		3507120A1B89EE7200C97727 /* FavoriteTableViewController.m */ = {isa = PBXFileReference; fileEncoding = 4; lastKnownFileType = sourcecode.c.objc; name = FavoriteTableViewController.m; path = "gank-io/FavoriteTableViewController.m"; sourceTree = "<group>"; };
		3507120C1B8A008000C97727 /* SettingTableViewController.h */ = {isa = PBXFileReference; fileEncoding = 4; lastKnownFileType = sourcecode.c.h; name = SettingTableViewController.h; path = "gank-io/SettingTableViewController.h"; sourceTree = "<group>"; };
		3507120D1B8A008000C97727 /* SettingTableViewController.m */ = {isa = PBXFileReference; fileEncoding = 4; lastKnownFileType = sourcecode.c.objc; name = SettingTableViewController.m; path = "gank-io/SettingTableViewController.m"; sourceTree = "<group>"; };
		77D597DD8A31E9ADA2EB676D /* Pods-gank-io.release.xcconfig */ = {isa = PBXFileReference; includeInIndex = 1; lastKnownFileType = text.xcconfig; name = "Pods-gank-io.release.xcconfig"; path = "Pods/Target Support Files/Pods-gank-io/Pods-gank-io.release.xcconfig"; sourceTree = "<group>"; };
		BEBE2437106C4B39F7857F75 /* Pods-gank-io.debug.xcconfig */ = {isa = PBXFileReference; includeInIndex = 1; lastKnownFileType = text.xcconfig; name = "Pods-gank-io.debug.xcconfig"; path = "Pods/Target Support Files/Pods-gank-io/Pods-gank-io.debug.xcconfig"; sourceTree = "<group>"; };
		FBC71872D597CE143C3C4DA0 /* libPods-gank-io.a */ = {isa = PBXFileReference; explicitFileType = archive.ar; includeInIndex = 0; path = "libPods-gank-io.a"; sourceTree = BUILT_PRODUCTS_DIR; };
/* End PBXFileReference section */

/* Begin PBXFrameworksBuildPhase section */
		350711C21B886C6300C97727 /* Frameworks */ = {
			isa = PBXFrameworksBuildPhase;
			buildActionMask = 2147483647;
			files = (
				A5EB287C826037FF173BCA17 /* libPods-gank-io.a in Frameworks */,
			);
			runOnlyForDeploymentPostprocessing = 0;
		};
		350711DB1B886C6300C97727 /* Frameworks */ = {
			isa = PBXFrameworksBuildPhase;
			buildActionMask = 2147483647;
			files = (
			);
			runOnlyForDeploymentPostprocessing = 0;
		};
/* End PBXFrameworksBuildPhase section */

/* Begin PBXGroup section */
		051D838AEC3EC204D790B75C /* Frameworks */ = {
			isa = PBXGroup;
			children = (
				FBC71872D597CE143C3C4DA0 /* libPods-gank-io.a */,
			);
			name = Frameworks;
			sourceTree = "<group>";
		};
		350711BC1B886C6300C97727 = {
			isa = PBXGroup;
			children = (
				350711C71B886C6300C97727 /* gank-io */,
				350711E11B886C6300C97727 /* gank-ioTests */,
				350711C61B886C6300C97727 /* Products */,
				7819F8D92C6F35C4187746D4 /* Pods */,
				051D838AEC3EC204D790B75C /* Frameworks */,
			);
			sourceTree = "<group>";
		};
		350711C61B886C6300C97727 /* Products */ = {
			isa = PBXGroup;
			children = (
				350711C51B886C6300C97727 /* gank-io.app */,
				350711DE1B886C6300C97727 /* gank-ioTests.xctest */,
			);
			name = Products;
			sourceTree = "<group>";
		};
		350711C71B886C6300C97727 /* gank-io */ = {
			isa = PBXGroup;
			children = (
				350711F11B88D56C00C97727 /* Model */,
				350711FC1B899D8700C97727 /* View */,
				350711FB1B897B4500C97727 /* Controller */,
				350711CC1B886C6300C97727 /* AppDelegate.h */,
				350711CD1B886C6300C97727 /* AppDelegate.m */,
				350711D21B886C6300C97727 /* Main.storyboard */,
				350711D51B886C6300C97727 /* Images.xcassets */,
				350711D71B886C6300C97727 /* LaunchScreen.xib */,
				350711C81B886C6300C97727 /* Supporting Files */,
			);
			path = "gank-io";
			sourceTree = "<group>";
		};
		350711C81B886C6300C97727 /* Supporting Files */ = {
			isa = PBXGroup;
			children = (
				350711C91B886C6300C97727 /* Info.plist */,
				350711CA1B886C6300C97727 /* main.m */,
			);
			name = "Supporting Files";
			sourceTree = "<group>";
		};
		350711E11B886C6300C97727 /* gank-ioTests */ = {
			isa = PBXGroup;
			children = (
				350711E41B886C6300C97727 /* gank_ioTests.m */,
				350711E21B886C6300C97727 /* Supporting Files */,
			);
			path = "gank-ioTests";
			sourceTree = "<group>";
		};
		350711E21B886C6300C97727 /* Supporting Files */ = {
			isa = PBXGroup;
			children = (
				350711E31B886C6300C97727 /* Info.plist */,
			);
			name = "Supporting Files";
			sourceTree = "<group>";
		};
		350711F11B88D56C00C97727 /* Model */ = {
			isa = PBXGroup;
			children = (
			);
			name = Model;
			path = ..;
			sourceTree = "<group>";
		};
		350711FB1B897B4500C97727 /* Controller */ = {
			isa = PBXGroup;
			children = (
				3507120C1B8A008000C97727 /* SettingTableViewController.h */,
				3507120D1B8A008000C97727 /* SettingTableViewController.m */,
				350712091B89EE7200C97727 /* FavoriteTableViewController.h */,
				3507120A1B89EE7200C97727 /* FavoriteTableViewController.m */,
				350712001B89BE1700C97727 /* PageViewController.h */,
				350712011B89BE1700C97727 /* PageViewController.m */,
				350711F81B89799600C97727 /* ArticleWebViewController.h */,
				350711F91B89799600C97727 /* ArticleWebViewController.m */,
				350711EE1B88747900C97727 /* DailyViewController.h */,
				350711EF1B88747900C97727 /* DailyViewController.m */,
				350711CF1B886C6300C97727 /* ViewController.h */,
				350711D01B886C6300C97727 /* ViewController.m */,
			);
			name = Controller;
			path = ..;
			sourceTree = "<group>";
		};
		350711FC1B899D8700C97727 /* View */ = {
			isa = PBXGroup;
			children = (
				350712061B89BE6000C97727 /* ToastView.h */,
				350712071B89BE6000C97727 /* ToastView.m */,
			);
			name = View;
			path = ..;
			sourceTree = "<group>";
		};
		7819F8D92C6F35C4187746D4 /* Pods */ = {
			isa = PBXGroup;
			children = (
				BEBE2437106C4B39F7857F75 /* Pods-gank-io.debug.xcconfig */,
				77D597DD8A31E9ADA2EB676D /* Pods-gank-io.release.xcconfig */,
			);
			name = Pods;
			sourceTree = "<group>";
		};
/* End PBXGroup section */

/* Begin PBXNativeTarget section */
		350711C41B886C6300C97727 /* gank-io */ = {
			isa = PBXNativeTarget;
			buildConfigurationList = 350711E81B886C6300C97727 /* Build configuration list for PBXNativeTarget "gank-io" */;
			buildPhases = (
				10BC0CE23CE35F8207F1D6A8 /* Check Pods Manifest.lock */,
				350711C11B886C6300C97727 /* Sources */,
				350711C21B886C6300C97727 /* Frameworks */,
				350711C31B886C6300C97727 /* Resources */,
				23BEB4CB96B86E000B48854B /* Copy Pods Resources */,
			);
			buildRules = (
			);
			dependencies = (
			);
			name = "gank-io";
			productName = "gank-io";
			productReference = 350711C51B886C6300C97727 /* gank-io.app */;
			productType = "com.apple.product-type.application";
		};
		350711DD1B886C6300C97727 /* gank-ioTests */ = {
			isa = PBXNativeTarget;
			buildConfigurationList = 350711EB1B886C6300C97727 /* Build configuration list for PBXNativeTarget "gank-ioTests" */;
			buildPhases = (
				350711DA1B886C6300C97727 /* Sources */,
				350711DB1B886C6300C97727 /* Frameworks */,
				350711DC1B886C6300C97727 /* Resources */,
			);
			buildRules = (
			);
			dependencies = (
				350711E01B886C6300C97727 /* PBXTargetDependency */,
			);
			name = "gank-ioTests";
			productName = "gank-ioTests";
			productReference = 350711DE1B886C6300C97727 /* gank-ioTests.xctest */;
			productType = "com.apple.product-type.bundle.unit-test";
		};
/* End PBXNativeTarget section */

/* Begin PBXProject section */
		350711BD1B886C6300C97727 /* Project object */ = {
			isa = PBXProject;
			attributes = {
				LastUpgradeCheck = 0640;
				ORGANIZATIONNAME = horsley;
				TargetAttributes = {
					350711C41B886C6300C97727 = {
						CreatedOnToolsVersion = 6.4;
					};
					350711DD1B886C6300C97727 = {
						CreatedOnToolsVersion = 6.4;
						TestTargetID = 350711C41B886C6300C97727;
					};
				};
			};
			buildConfigurationList = 350711C01B886C6300C97727 /* Build configuration list for PBXProject "gank-io" */;
			compatibilityVersion = "Xcode 3.2";
			developmentRegion = English;
			hasScannedForEncodings = 0;
			knownRegions = (
				en,
				Base,
			);
			mainGroup = 350711BC1B886C6300C97727;
			productRefGroup = 350711C61B886C6300C97727 /* Products */;
			projectDirPath = "";
			projectRoot = "";
			targets = (
				350711C41B886C6300C97727 /* gank-io */,
				350711DD1B886C6300C97727 /* gank-ioTests */,
			);
		};
/* End PBXProject section */

/* Begin PBXResourcesBuildPhase section */
		350711C31B886C6300C97727 /* Resources */ = {
			isa = PBXResourcesBuildPhase;
			buildActionMask = 2147483647;
			files = (
				350711D41B886C6300C97727 /* Main.storyboard in Resources */,
				350711D91B886C6300C97727 /* LaunchScreen.xib in Resources */,
				350711D61B886C6300C97727 /* Images.xcassets in Resources */,
			);
			runOnlyForDeploymentPostprocessing = 0;
		};
		350711DC1B886C6300C97727 /* Resources */ = {
			isa = PBXResourcesBuildPhase;
			buildActionMask = 2147483647;
			files = (
			);
			runOnlyForDeploymentPostprocessing = 0;
		};
/* End PBXResourcesBuildPhase section */

/* Begin PBXShellScriptBuildPhase section */
		10BC0CE23CE35F8207F1D6A8 /* Check Pods Manifest.lock */ = {
			isa = PBXShellScriptBuildPhase;
			buildActionMask = 2147483647;
			files = (
			);
			inputPaths = (
			);
			name = "Check Pods Manifest.lock";
			outputPaths = (
			);
			runOnlyForDeploymentPostprocessing = 0;
			shellPath = /bin/sh;
			shellScript = "diff \"${PODS_ROOT}/../Podfile.lock\" \"${PODS_ROOT}/Manifest.lock\" > /dev/null\nif [[ $? != 0 ]] ; then\n    cat << EOM\nerror: The sandbox is not in sync with the Podfile.lock. Run 'pod install' or update your CocoaPods installation.\nEOM\n    exit 1\nfi\n";
			showEnvVarsInLog = 0;
		};
		23BEB4CB96B86E000B48854B /* Copy Pods Resources */ = {
			isa = PBXShellScriptBuildPhase;
			buildActionMask = 2147483647;
			files = (
			);
			inputPaths = (
			);
			name = "Copy Pods Resources";
			outputPaths = (
			);
			runOnlyForDeploymentPostprocessing = 0;
			shellPath = /bin/sh;
			shellScript = "\"${SRCROOT}/Pods/Target Support Files/Pods-gank-io/Pods-gank-io-resources.sh\"\n";
			showEnvVarsInLog = 0;
		};
/* End PBXShellScriptBuildPhase section */

/* Begin PBXSourcesBuildPhase section */
		350711C11B886C6300C97727 /* Sources */ = {
			isa = PBXSourcesBuildPhase;
			buildActionMask = 2147483647;
			files = (
				350711FA1B89799600C97727 /* ArticleWebViewController.m in Sources */,
				350712081B89BE6000C97727 /* ToastView.m in Sources */,
				350711D11B886C6300C97727 /* ViewController.m in Sources */,
				350711CE1B886C6300C97727 /* AppDelegate.m in Sources */,
				3507120E1B8A008000C97727 /* SettingTableViewController.m in Sources */,
				350711F01B88747900C97727 /* DailyViewController.m in Sources */,
				350711CB1B886C6300C97727 /* main.m in Sources */,
				350712021B89BE1700C97727 /* PageViewController.m in Sources */,
				3507120B1B89EE7200C97727 /* FavoriteTableViewController.m in Sources */,
			);
			runOnlyForDeploymentPostprocessing = 0;
		};
		350711DA1B886C6300C97727 /* Sources */ = {
			isa = PBXSourcesBuildPhase;
			buildActionMask = 2147483647;
			files = (
				350711E51B886C6300C97727 /* gank_ioTests.m in Sources */,
			);
			runOnlyForDeploymentPostprocessing = 0;
		};
/* End PBXSourcesBuildPhase section */

/* Begin PBXTargetDependency section */
		350711E01B886C6300C97727 /* PBXTargetDependency */ = {
			isa = PBXTargetDependency;
			target = 350711C41B886C6300C97727 /* gank-io */;
			targetProxy = 350711DF1B886C6300C97727 /* PBXContainerItemProxy */;
		};
/* End PBXTargetDependency section */

/* Begin PBXVariantGroup section */
		350711D21B886C6300C97727 /* Main.storyboard */ = {
			isa = PBXVariantGroup;
			children = (
				350711D31B886C6300C97727 /* Base */,
			);
			name = Main.storyboard;
			sourceTree = "<group>";
		};
		350711D71B886C6300C97727 /* LaunchScreen.xib */ = {
			isa = PBXVariantGroup;
			children = (
				350711D81B886C6300C97727 /* Base */,
			);
			name = LaunchScreen.xib;
			sourceTree = "<group>";
		};
/* End PBXVariantGroup section */

/* Begin XCBuildConfiguration section */
		350711E61B886C6300C97727 /* Debug */ = {
			isa = XCBuildConfiguration;
			buildSettings = {
				ALWAYS_SEARCH_USER_PATHS = NO;
				CLANG_CXX_LANGUAGE_STANDARD = "gnu++0x";
				CLANG_CXX_LIBRARY = "libc++";
				CLANG_ENABLE_MODULES = YES;
				CLANG_ENABLE_OBJC_ARC = YES;
				CLANG_WARN_BOOL_CONVERSION = YES;
				CLANG_WARN_CONSTANT_CONVERSION = YES;
				CLANG_WARN_DIRECT_OBJC_ISA_USAGE = YES_ERROR;
				CLANG_WARN_EMPTY_BODY = YES;
				CLANG_WARN_ENUM_CONVERSION = YES;
				CLANG_WARN_INT_CONVERSION = YES;
				CLANG_WARN_OBJC_ROOT_CLASS = YES_ERROR;
				CLANG_WARN_UNREACHABLE_CODE = YES;
				CLANG_WARN__DUPLICATE_METHOD_MATCH = YES;
				"CODE_SIGN_IDENTITY[sdk=iphoneos*]" = "iPhone Developer";
				COPY_PHASE_STRIP = NO;
				DEBUG_INFORMATION_FORMAT = "dwarf-with-dsym";
				ENABLE_STRICT_OBJC_MSGSEND = YES;
				GCC_C_LANGUAGE_STANDARD = gnu99;
				GCC_DYNAMIC_NO_PIC = NO;
				GCC_NO_COMMON_BLOCKS = YES;
				GCC_OPTIMIZATION_LEVEL = 0;
				GCC_PREPROCESSOR_DEFINITIONS = (
					"DEBUG=1",
					"$(inherited)",
				);
				GCC_SYMBOLS_PRIVATE_EXTERN = NO;
				GCC_WARN_64_TO_32_BIT_CONVERSION = YES;
				GCC_WARN_ABOUT_RETURN_TYPE = YES_ERROR;
				GCC_WARN_UNDECLARED_SELECTOR = YES;
				GCC_WARN_UNINITIALIZED_AUTOS = YES_AGGRESSIVE;
				GCC_WARN_UNUSED_FUNCTION = YES;
				GCC_WARN_UNUSED_VARIABLE = YES;
				IPHONEOS_DEPLOYMENT_TARGET = 8.4;
				MTL_ENABLE_DEBUG_INFO = YES;
				ONLY_ACTIVE_ARCH = YES;
				SDKROOT = iphoneos;
			};
			name = Debug;
		};
		350711E71B886C6300C97727 /* Release */ = {
			isa = XCBuildConfiguration;
			buildSettings = {
				ALWAYS_SEARCH_USER_PATHS = NO;
				CLANG_CXX_LANGUAGE_STANDARD = "gnu++0x";
				CLANG_CXX_LIBRARY = "libc++";
				CLANG_ENABLE_MODULES = YES;
				CLANG_ENABLE_OBJC_ARC = YES;
				CLANG_WARN_BOOL_CONVERSION = YES;
				CLANG_WARN_CONSTANT_CONVERSION = YES;
				CLANG_WARN_DIRECT_OBJC_ISA_USAGE = YES_ERROR;
				CLANG_WARN_EMPTY_BODY = YES;
				CLANG_WARN_ENUM_CONVERSION = YES;
				CLANG_WARN_INT_CONVERSION = YES;
				CLANG_WARN_OBJC_ROOT_CLASS = YES_ERROR;
				CLANG_WARN_UNREACHABLE_CODE = YES;
				CLANG_WARN__DUPLICATE_METHOD_MATCH = YES;
				"CODE_SIGN_IDENTITY[sdk=iphoneos*]" = "iPhone Developer";
				COPY_PHASE_STRIP = NO;
				DEBUG_INFORMATION_FORMAT = "dwarf-with-dsym";
				ENABLE_NS_ASSERTIONS = NO;
				ENABLE_STRICT_OBJC_MSGSEND = YES;
				GCC_C_LANGUAGE_STANDARD = gnu99;
				GCC_NO_COMMON_BLOCKS = YES;
				GCC_WARN_64_TO_32_BIT_CONVERSION = YES;
				GCC_WARN_ABOUT_RETURN_TYPE = YES_ERROR;
				GCC_WARN_UNDECLARED_SELECTOR = YES;
				GCC_WARN_UNINITIALIZED_AUTOS = YES_AGGRESSIVE;
				GCC_WARN_UNUSED_FUNCTION = YES;
				GCC_WARN_UNUSED_VARIABLE = YES;
				IPHONEOS_DEPLOYMENT_TARGET = 8.4;
				MTL_ENABLE_DEBUG_INFO = NO;
				SDKROOT = iphoneos;
				VALIDATE_PRODUCT = YES;
			};
			name = Release;
		};
		350711E91B886C6300C97727 /* Debug */ = {
			isa = XCBuildConfiguration;
			baseConfigurationReference = BEBE2437106C4B39F7857F75 /* Pods-gank-io.debug.xcconfig */;
			buildSettings = {
				ASSETCATALOG_COMPILER_APPICON_NAME = AppIcon;
				INFOPLIST_FILE = "gank-io/Info.plist";
				IPHONEOS_DEPLOYMENT_TARGET = 8.0;
				LD_RUNPATH_SEARCH_PATHS = "$(inherited) @executable_path/Frameworks";
				PRODUCT_NAME = "$(TARGET_NAME)";
			};
			name = Debug;
		};
		350711EA1B886C6300C97727 /* Release */ = {
			isa = XCBuildConfiguration;
			baseConfigurationReference = 77D597DD8A31E9ADA2EB676D /* Pods-gank-io.release.xcconfig */;
			buildSettings = {
				ASSETCATALOG_COMPILER_APPICON_NAME = AppIcon;
				INFOPLIST_FILE = "gank-io/Info.plist";
				IPHONEOS_DEPLOYMENT_TARGET = 8.0;
				LD_RUNPATH_SEARCH_PATHS = "$(inherited) @executable_path/Frameworks";
				PRODUCT_NAME = "$(TARGET_NAME)";
			};
			name = Release;
		};
		350711EC1B886C6300C97727 /* Debug */ = {
			isa = XCBuildConfiguration;
			buildSettings = {
				BUNDLE_LOADER = "$(TEST_HOST)";
				FRAMEWORK_SEARCH_PATHS = (
					"$(SDKROOT)/Developer/Library/Frameworks",
					"$(inherited)",
				);
				GCC_PREPROCESSOR_DEFINITIONS = (
					"DEBUG=1",
					"$(inherited)",
				);
				INFOPLIST_FILE = "gank-ioTests/Info.plist";
				LD_RUNPATH_SEARCH_PATHS = "$(inherited) @executable_path/Frameworks @loader_path/Frameworks";
				PRODUCT_NAME = "$(TARGET_NAME)";
				TEST_HOST = "$(BUILT_PRODUCTS_DIR)/gank-io.app/gank-io";
			};
			name = Debug;
		};
		350711ED1B886C6300C97727 /* Release */ = {
			isa = XCBuildConfiguration;
			buildSettings = {
				BUNDLE_LOADER = "$(TEST_HOST)";
				FRAMEWORK_SEARCH_PATHS = (
					"$(SDKROOT)/Developer/Library/Frameworks",
					"$(inherited)",
				);
				INFOPLIST_FILE = "gank-ioTests/Info.plist";
				LD_RUNPATH_SEARCH_PATHS = "$(inherited) @executable_path/Frameworks @loader_path/Frameworks";
				PRODUCT_NAME = "$(TARGET_NAME)";
				TEST_HOST = "$(BUILT_PRODUCTS_DIR)/gank-io.app/gank-io";
			};
			name = Release;
		};
/* End XCBuildConfiguration section */

/* Begin XCConfigurationList section */
		350711C01B886C6300C97727 /* Build configuration list for PBXProject "gank-io" */ = {
			isa = XCConfigurationList;
			buildConfigurations = (
				350711E61B886C6300C97727 /* Debug */,
				350711E71B886C6300C97727 /* Release */,
			);
			defaultConfigurationIsVisible = 0;
			defaultConfigurationName = Release;
		};
		350711E81B886C6300C97727 /* Build configuration list for PBXNativeTarget "gank-io" */ = {
			isa = XCConfigurationList;
			buildConfigurations = (
				350711E91B886C6300C97727 /* Debug */,
				350711EA1B886C6300C97727 /* Release */,
			);
			defaultConfigurationIsVisible = 0;
			defaultConfigurationName = Release;
		};
		350711EB1B886C6300C97727 /* Build configuration list for PBXNativeTarget "gank-ioTests" */ = {
			isa = XCConfigurationList;
			buildConfigurations = (
				350711EC1B886C6300C97727 /* Debug */,
				350711ED1B886C6300C97727 /* Release */,
			);
			defaultConfigurationIsVisible = 0;
			defaultConfigurationName = Release;
		};
/* End XCConfigurationList section */
	};
	rootObject = 350711BD1B886C6300C97727 /* Project object */;
}
